Microsoft Visual Studio Solution File, Format Version 12.00
# Visual Studio Version 17
VisualStudioVersion = 17.5.2.0
MinimumVisualStudioVersion = 10.0.40219.1
Project("{FAE04EC0-301F-11D3-BF4B-00C04F79EFBC}") = "Admintask", "Admintask\Admintask.csproj", "{19F4B4C6-7D52-EE57-24CF-A052D42CD90B}"
EndProject
Global
	GlobalSection(SolutionConfigurationPlatforms) = preSolution
		Debug|Any CPU = Debug|Any CPU
		Release|Any CPU = Release|Any CPU
	EndGlobalSection
	GlobalSection(ProjectConfigurationPlatforms) = postSolution
		{19F4B4C6-7D52-EE57-24CF-A052D42CD90B}.Debug|Any CPU.ActiveCfg = Debug|Any CPU
		{19F4B4C6-7D52-EE57-24CF-A052D42CD90B}.Debug|Any CPU.Build.0 = Debug|Any CPU
		{19F4B4C6-7D52-EE57-24CF-A052D42CD90B}.Release|Any CPU.ActiveCfg = Release|Any CPU
		{19F4B4C6-7D52-EE57-24CF-A052D42CD90B}.Release|Any CPU.Build.0 = Release|Any CPU
	EndGlobalSection
	GlobalSection(SolutionProperties) = preSolution
		HideSolutionNode = FALSE
	EndGlobalSection
	GlobalSection(ExtensibilityGlobals) = postSolution
		SolutionGuid = {8C1C5E70-74EA-4768-A95D-31B54C6EB9D7}
	EndGlobalSection
EndGlobal
